
Microsoft Visual Studio Solution File, Format Version 12.00
# Visual Studio Version 17
VisualStudioVersion = 17.6.33815.320
MinimumVisualStudioVersion = 10.0.40219.1
Project("{FAE04EC0-301F-11D3-BF4B-00C04F79EFBC}") = "Petshop", "Petshop\Petshop.csproj", "{885BA872-08A1-4297-AC40-A6C5F5E85EA8}"
EndProject
Global
	GlobalSection(SolutionConfigurationPlatforms) = preSolution
		Debug|Any CPU = Debug|Any CPU
		Release|Any CPU = Release|Any CPU
	EndGlobalSection
	GlobalSection(ProjectConfigurationPlatforms) = postSolution
		{885BA872-08A1-4297-AC40-A6C5F5E85EA8}.Debug|Any CPU.ActiveCfg = Debug|Any CPU
		{885BA872-08A1-4297-AC40-A6C5F5E85EA8}.Debug|Any CPU.Build.0 = Debug|Any CPU
		{885BA872-08A1-4297-AC40-A6C5F5E85EA8}.Release|Any CPU.ActiveCfg = Release|Any CPU
		{885BA872-08A1-4297-AC40-A6C5F5E85EA8}.Release|Any CPU.Build.0 = Release|Any CPU
	EndGlobalSection
	GlobalSection(SolutionProperties) = preSolution
		HideSolutionNode = FALSE
	EndGlobalSection
	GlobalSection(ExtensibilityGlobals) = postSolution
		SolutionGuid = {2A05A2F5-288B-448E-9A8B-F10AE6317CFC}
	EndGlobalSection
EndGlobal
